
Microsoft Visual Studio Solution File, Format Version 12.00
# Visual Studio Version 16
VisualStudioVersion = 16.0.31205.134
MinimumVisualStudioVersion = 10.0.40219.1
Project("{FAE04EC0-301F-11D3-BF4B-00C04F79EFBC}") = "progTech", "progTech.csproj", "{FD8990FC-E4F2-41A3-AF3A-F12E286B8DC1}"
EndProject
Global
	GlobalSection(SolutionConfigurationPlatforms) = preSolution
		Debug|Any CPU = Debug|Any CPU
		Release|Any CPU = Release|Any CPU
	EndGlobalSection
	GlobalSection(ProjectConfigurationPlatforms) = postSolution
		{FD8990FC-E4F2-41A3-AF3A-F12E286B8DC1}.Debug|Any CPU.ActiveCfg = Debug|Any CPU
		{FD8990FC-E4F2-41A3-AF3A-F12E286B8DC1}.Debug|Any CPU.Build.0 = Debug|Any CPU
		{FD8990FC-E4F2-41A3-AF3A-F12E286B8DC1}.Release|Any CPU.ActiveCfg = Release|Any CPU
		{FD8990FC-E4F2-41A3-AF3A-F12E286B8DC1}.Release|Any CPU.Build.0 = Release|Any CPU
	EndGlobalSection
	GlobalSection(SolutionProperties) = preSolution
		HideSolutionNode = FALSE
	EndGlobalSection
	GlobalSection(ExtensibilityGlobals) = postSolution
		SolutionGuid = {F87ED2FD-9A38-419D-9353-7A55C6432F90}
	EndGlobalSection
EndGlobal
